# THIS IS AN AUTOGENERATED FILE. DO NOT EDIT THIS FILE DIRECTLY.
# yarn lockfile v1


"js-tokens@^3.0.0 || ^4.0.0":
  "integrity" "sha1-GSA/tZmR35jjoocFDUZHzerzJJk="
  "resolved" "https://registry.nlark.com/js-tokens/download/js-tokens-4.0.0.tgz?cache=0&sync_timestamp=1619345098261&other_urls=https%3A%2F%2Fregistry.nlark.com%2Fjs-tokens%2Fdownload%2Fjs-tokens-4.0.0.tgz"
  "version" "4.0.0"

"loose-envify@^1.1.0", "loose-envify@^1.4.0":
  "integrity" "sha1-ce5R+nvkyuwaY4OffmgtgTLTDK8="
  "resolved" "https://registry.nlark.com/loose-envify/download/loose-envify-1.4.0.tgz"
  "version" "1.4.0"
  dependencies:
    "js-tokens" "^3.0.0 || ^4.0.0"

"object-assign@^4.1.1":
  "integrity" "sha1-IQmtx5ZYh8/AXLvUQsrIv7s2CGM="
  "resolved" "https://registry.npm.taobao.org/object-assign/download/object-assign-4.1.1.tgz"
  "version" "4.1.1"

"prop-types@^15.5.8", "prop-types@^15.6.2":
  "integrity" "sha1-UsQedbjIfnK52TYOAga5ncv/psU="
  "resolved" "https://registry.npm.taobao.org/prop-types/download/prop-types-15.7.2.tgz?cache=0&sync_timestamp=1599054283476&other_urls=https%3A%2F%2Fregistry.npm.taobao.org%2Fprop-types%2Fdownload%2Fprop-types-15.7.2.tgz"
  "version" "15.7.2"
  dependencies:
    "loose-envify" "^1.4.0"
    "object-assign" "^4.1.1"
    "react-is" "^16.8.1"

"react-infinite-scroller@^1.2.4":
  "integrity" "sha1-9n6uxJQKTOZBe+vdbjQzv8OIJuk="
  "resolved" "https://registry.npm.taobao.org/react-infinite-scroller/download/react-infinite-scroller-1.2.4.tgz"
  "version" "1.2.4"
  dependencies:
    "prop-types" "^15.5.8"

"react-is@^16.8.1":
  "integrity" "sha1-eJcppNw23imZ3BVt1sHZwYzqVqQ="
  "resolved" "https://registry.npmmirror.com/react-is/download/react-is-16.13.1.tgz"
  "version" "16.13.1"

"react@^0.14.9 || ^15.3.0 || ^16.0.0":
  "integrity" "sha1-lNd23dCqo32j7aj8W2sYpMmjEU0="
  "resolved" "https://registry.npmmirror.com/react/download/react-16.14.0.tgz"
  "version" "16.14.0"
  dependencies:
    "loose-envify" "^1.1.0"
    "object-assign" "^4.1.1"
    "prop-types" "^15.6.2"
